
Microsoft Visual Studio Solution File, Format Version 12.00
# Visual Studio Version 17
VisualStudioVersion = 17.5.33516.290
MinimumVisualStudioVersion = 10.0.40219.1
Project("{FAE04EC0-301F-11D3-BF4B-00C04F79EFBC}") = "ConsumeAssignment4", "ConsumeAssignment4.csproj", "{CDD608FA-809A-4B4B-96A7-2527A78D4094}"
EndProject
Global
	GlobalSection(SolutionConfigurationPlatforms) = preSolution
		Debug|Any CPU = Debug|Any CPU
		Release|Any CPU = Release|Any CPU
	EndGlobalSection
	GlobalSection(ProjectConfigurationPlatforms) = postSolution
		{CDD608FA-809A-4B4B-96A7-2527A78D4094}.Debug|Any CPU.ActiveCfg = Debug|Any CPU
		{CDD608FA-809A-4B4B-96A7-2527A78D4094}.Debug|Any CPU.Build.0 = Debug|Any CPU
		{CDD608FA-809A-4B4B-96A7-2527A78D4094}.Release|Any CPU.ActiveCfg = Release|Any CPU
		{CDD608FA-809A-4B4B-96A7-2527A78D4094}.Release|Any CPU.Build.0 = Release|Any CPU
	EndGlobalSection
	GlobalSection(SolutionProperties) = preSolution
		HideSolutionNode = FALSE
	EndGlobalSection
	GlobalSection(ExtensibilityGlobals) = postSolution
		SolutionGuid = {4CCEAF49-6383-4671-96CC-DC9CBDE2B475}
	EndGlobalSection
EndGlobal
